
Microsoft Visual Studio Solution File, Format Version 12.00
# Visual Studio 15
VisualStudioVersion = 15.0.28307.489
MinimumVisualStudioVersion = 10.0.40219.1
Project("{FAE04EC0-301F-11D3-BF4B-00C04F79EFBC}") = "TestWebApp", "TestWebApp\TestWebApp.csproj", "{DD0FF6F8-5423-4EB1-816B-ABC1E07ADBC4}"
EndProject
Global
	GlobalSection(SolutionConfigurationPlatforms) = preSolution
		Debug|Any CPU = Debug|Any CPU
		Release|Any CPU = Release|Any CPU
	EndGlobalSection
	GlobalSection(ProjectConfigurationPlatforms) = postSolution
		{DD0FF6F8-5423-4EB1-816B-ABC1E07ADBC4}.Debug|Any CPU.ActiveCfg = Debug|Any CPU
		{DD0FF6F8-5423-4EB1-816B-ABC1E07ADBC4}.Debug|Any CPU.Build.0 = Debug|Any CPU
		{DD0FF6F8-5423-4EB1-816B-ABC1E07ADBC4}.Release|Any CPU.ActiveCfg = Release|Any CPU
		{DD0FF6F8-5423-4EB1-816B-ABC1E07ADBC4}.Release|Any CPU.Build.0 = Release|Any CPU
	EndGlobalSection
	GlobalSection(SolutionProperties) = preSolution
		HideSolutionNode = FALSE
	EndGlobalSection
	GlobalSection(ExtensibilityGlobals) = postSolution
		SolutionGuid = {6B6CA26D-8AE8-4AEC-873D-6D10F1184DB6}
	EndGlobalSection
EndGlobal
